
Microsoft Visual Studio Solution File, Format Version 12.00
# Visual Studio Version 16
VisualStudioVersion = 16.0.28803.202
MinimumVisualStudioVersion = 10.0.40219.1
Project("{FAE04EC0-301F-11D3-BF4B-00C04F79EFBC}") = "QuickBuy.Dominio", "QuickBuy.Dominio\QuickBuy.Dominio.csproj", "{57DF9B17-C4A1-42D9-A01F-66E252F84240}"
EndProject
Project("{FAE04EC0-301F-11D3-BF4B-00C04F79EFBC}") = "QuickBuy.Repositorio", "QuickBuy.Repositorio\QuickBuy.Repositorio.csproj", "{EC46CCF5-CF9D-41E0-AA69-F194EF374D17}"
EndProject
Project("{FAE04EC0-301F-11D3-BF4B-00C04F79EFBC}") = "QuickBuy.Web", "QuickBuy.Web\QuickBuy.Web.csproj", "{5482E508-56A5-4436-9D03-9D66D2793941}"
EndProject
Global
	GlobalSection(SolutionConfigurationPlatforms) = preSolution
		Debug|Any CPU = Debug|Any CPU
		Release|Any CPU = Release|Any CPU
	EndGlobalSection
	GlobalSection(ProjectConfigurationPlatforms) = postSolution
		{57DF9B17-C4A1-42D9-A01F-66E252F84240}.Debug|Any CPU.ActiveCfg = Debug|Any CPU
		{57DF9B17-C4A1-42D9-A01F-66E252F84240}.Debug|Any CPU.Build.0 = Debug|Any CPU
		{57DF9B17-C4A1-42D9-A01F-66E252F84240}.Release|Any CPU.ActiveCfg = Release|Any CPU
		{57DF9B17-C4A1-42D9-A01F-66E252F84240}.Release|Any CPU.Build.0 = Release|Any CPU
		{EC46CCF5-CF9D-41E0-AA69-F194EF374D17}.Debug|Any CPU.ActiveCfg = Debug|Any CPU
		{EC46CCF5-CF9D-41E0-AA69-F194EF374D17}.Debug|Any CPU.Build.0 = Debug|Any CPU
		{EC46CCF5-CF9D-41E0-AA69-F194EF374D17}.Release|Any CPU.ActiveCfg = Release|Any CPU
		{EC46CCF5-CF9D-41E0-AA69-F194EF374D17}.Release|Any CPU.Build.0 = Release|Any CPU
		{5482E508-56A5-4436-9D03-9D66D2793941}.Debug|Any CPU.ActiveCfg = Debug|Any CPU
		{5482E508-56A5-4436-9D03-9D66D2793941}.Debug|Any CPU.Build.0 = Debug|Any CPU
		{5482E508-56A5-4436-9D03-9D66D2793941}.Release|Any CPU.ActiveCfg = Release|Any CPU
		{5482E508-56A5-4436-9D03-9D66D2793941}.Release|Any CPU.Build.0 = Release|Any CPU
	EndGlobalSection
	GlobalSection(SolutionProperties) = preSolution
		HideSolutionNode = FALSE
	EndGlobalSection
	GlobalSection(ExtensibilityGlobals) = postSolution
		SolutionGuid = {3802B32D-B334-45FA-A3BF-83C98A2A7612}
	EndGlobalSection
EndGlobal
